
Microsoft Visual Studio Solution File, Format Version 12.00
# Visual Studio Version 17
VisualStudioVersion = 17.5.002.0
MinimumVisualStudioVersion = 10.0.40219.1
Project("{9A19103F-16F7-4668-BE54-9A1E7A4F7556}") = "DVB.NET.SourceManagement", "SourceManagement\DVB.NET.SourceManagement.csproj", "{8D3AF774-DFE3-4FFE-8F18-C256E62FAC05}"
EndProject
Project("{FAE04EC0-301F-11D3-BF4B-00C04F79EFBC}") = "DVB.NET.Common", "Common\DVB.NET.Common.csproj", "{E39DBD1C-89D7-4A28-AC2A-43E2042671BA}"
EndProject
Project("{FAE04EC0-301F-11D3-BF4B-00C04F79EFBC}") = "DVBNETTests", "Tests\DVBNETTests.csproj", "{9635864E-6024-4D94-A6DD-FC79FFAACE2F}"
EndProject
Project("{FAE04EC0-301F-11D3-BF4B-00C04F79EFBC}") = "DVB.NET.HardwareAbstraction", "HardwareAbstraction\DVB.NET.HardwareAbstraction.csproj", "{A62E60CC-578E-40FE-8F50-F6E802934BE4}"
EndProject
Project("{FAE04EC0-301F-11D3-BF4B-00C04F79EFBC}") = "DVB.NET.EPG", "EPG\DVB.NET.EPG.csproj", "{829280F5-5959-4C6D-9A1C-33C5EEEECF20}"
EndProject
Project("{FAE04EC0-301F-11D3-BF4B-00C04F79EFBC}") = "DVB.NET.SITables", "SITables\DVB.NET.SITables.csproj", "{4A67EE8E-0457-48F7-9D6F-AC904E6DD16B}"
EndProject
Project("{FAE04EC0-301F-11D3-BF4B-00C04F79EFBC}") = "DVB.NET.TS", "TS\DVB.NET.TS.csproj", "{59319DBB-D75B-444F-BA3B-4165B2759EC6}"
EndProject
Project("{FAE04EC0-301F-11D3-BF4B-00C04F79EFBC}") = "DVB.NET.Ubuntu", "Ubuntu\DVB.NET.Ubuntu.csproj", "{1258A466-54ED-44E8-A88B-A099592800D2}"
EndProject
Project("{FAE04EC0-301F-11D3-BF4B-00C04F79EFBC}") = "DVB.NET.DVBNETLegacy", "DVBNETLegacy\DVB.NET.DVBNETLegacy.csproj", "{3C4033A6-516C-47E9-8DDE-11087387CA5D}"
EndProject
Project("{FAE04EC0-301F-11D3-BF4B-00C04F79EFBC}") = "DVB.NET.CardServerCore", "CardServerCore\DVB.NET.CardServerCore.csproj", "{BA421206-5349-4CCB-9D03-62017650CBF6}"
EndProject
Project("{FAE04EC0-301F-11D3-BF4B-00C04F79EFBC}") = "DVB.NET.Algorithms", "Algorithms\DVB.NET.Algorithms.csproj", "{EC933B2D-1BDB-4A53-86E6-EB358F088DCC}"
EndProject
Global
	GlobalSection(SolutionConfigurationPlatforms) = preSolution
		Debug|Any CPU = Debug|Any CPU
		Release|Any CPU = Release|Any CPU
	EndGlobalSection
	GlobalSection(ProjectConfigurationPlatforms) = postSolution
		{8D3AF774-DFE3-4FFE-8F18-C256E62FAC05}.Debug|Any CPU.ActiveCfg = Debug|Any CPU
		{8D3AF774-DFE3-4FFE-8F18-C256E62FAC05}.Debug|Any CPU.Build.0 = Debug|Any CPU
		{8D3AF774-DFE3-4FFE-8F18-C256E62FAC05}.Release|Any CPU.ActiveCfg = Release|Any CPU
		{8D3AF774-DFE3-4FFE-8F18-C256E62FAC05}.Release|Any CPU.Build.0 = Release|Any CPU
		{E39DBD1C-89D7-4A28-AC2A-43E2042671BA}.Debug|Any CPU.ActiveCfg = Debug|Any CPU
		{E39DBD1C-89D7-4A28-AC2A-43E2042671BA}.Debug|Any CPU.Build.0 = Debug|Any CPU
		{E39DBD1C-89D7-4A28-AC2A-43E2042671BA}.Release|Any CPU.ActiveCfg = Release|Any CPU
		{E39DBD1C-89D7-4A28-AC2A-43E2042671BA}.Release|Any CPU.Build.0 = Release|Any CPU
		{9635864E-6024-4D94-A6DD-FC79FFAACE2F}.Debug|Any CPU.ActiveCfg = Debug|Any CPU
		{9635864E-6024-4D94-A6DD-FC79FFAACE2F}.Debug|Any CPU.Build.0 = Debug|Any CPU
		{9635864E-6024-4D94-A6DD-FC79FFAACE2F}.Release|Any CPU.ActiveCfg = Release|Any CPU
		{9635864E-6024-4D94-A6DD-FC79FFAACE2F}.Release|Any CPU.Build.0 = Release|Any CPU
		{A62E60CC-578E-40FE-8F50-F6E802934BE4}.Debug|Any CPU.ActiveCfg = Debug|Any CPU
		{A62E60CC-578E-40FE-8F50-F6E802934BE4}.Debug|Any CPU.Build.0 = Debug|Any CPU
		{A62E60CC-578E-40FE-8F50-F6E802934BE4}.Release|Any CPU.ActiveCfg = Release|Any CPU
		{A62E60CC-578E-40FE-8F50-F6E802934BE4}.Release|Any CPU.Build.0 = Release|Any CPU
		{829280F5-5959-4C6D-9A1C-33C5EEEECF20}.Debug|Any CPU.ActiveCfg = Debug|Any CPU
		{829280F5-5959-4C6D-9A1C-33C5EEEECF20}.Debug|Any CPU.Build.0 = Debug|Any CPU
		{829280F5-5959-4C6D-9A1C-33C5EEEECF20}.Release|Any CPU.ActiveCfg = Release|Any CPU
		{829280F5-5959-4C6D-9A1C-33C5EEEECF20}.Release|Any CPU.Build.0 = Release|Any CPU
		{4A67EE8E-0457-48F7-9D6F-AC904E6DD16B}.Debug|Any CPU.ActiveCfg = Debug|Any CPU
		{4A67EE8E-0457-48F7-9D6F-AC904E6DD16B}.Debug|Any CPU.Build.0 = Debug|Any CPU
		{4A67EE8E-0457-48F7-9D6F-AC904E6DD16B}.Release|Any CPU.ActiveCfg = Release|Any CPU
		{4A67EE8E-0457-48F7-9D6F-AC904E6DD16B}.Release|Any CPU.Build.0 = Release|Any CPU
		{59319DBB-D75B-444F-BA3B-4165B2759EC6}.Debug|Any CPU.ActiveCfg = Debug|Any CPU
		{59319DBB-D75B-444F-BA3B-4165B2759EC6}.Debug|Any CPU.Build.0 = Debug|Any CPU
		{59319DBB-D75B-444F-BA3B-4165B2759EC6}.Release|Any CPU.ActiveCfg = Release|Any CPU
		{59319DBB-D75B-444F-BA3B-4165B2759EC6}.Release|Any CPU.Build.0 = Release|Any CPU
		{1258A466-54ED-44E8-A88B-A099592800D2}.Debug|Any CPU.ActiveCfg = Debug|Any CPU
		{1258A466-54ED-44E8-A88B-A099592800D2}.Debug|Any CPU.Build.0 = Debug|Any CPU
		{1258A466-54ED-44E8-A88B-A099592800D2}.Release|Any CPU.ActiveCfg = Release|Any CPU
		{1258A466-54ED-44E8-A88B-A099592800D2}.Release|Any CPU.Build.0 = Release|Any CPU
		{3C4033A6-516C-47E9-8DDE-11087387CA5D}.Debug|Any CPU.ActiveCfg = Debug|Any CPU
		{3C4033A6-516C-47E9-8DDE-11087387CA5D}.Debug|Any CPU.Build.0 = Debug|Any CPU
		{3C4033A6-516C-47E9-8DDE-11087387CA5D}.Release|Any CPU.ActiveCfg = Release|Any CPU
		{3C4033A6-516C-47E9-8DDE-11087387CA5D}.Release|Any CPU.Build.0 = Release|Any CPU
		{BA421206-5349-4CCB-9D03-62017650CBF6}.Debug|Any CPU.ActiveCfg = Debug|Any CPU
		{BA421206-5349-4CCB-9D03-62017650CBF6}.Debug|Any CPU.Build.0 = Debug|Any CPU
		{BA421206-5349-4CCB-9D03-62017650CBF6}.Release|Any CPU.ActiveCfg = Release|Any CPU
		{BA421206-5349-4CCB-9D03-62017650CBF6}.Release|Any CPU.Build.0 = Release|Any CPU
		{EC933B2D-1BDB-4A53-86E6-EB358F088DCC}.Debug|Any CPU.ActiveCfg = Debug|Any CPU
		{EC933B2D-1BDB-4A53-86E6-EB358F088DCC}.Debug|Any CPU.Build.0 = Debug|Any CPU
		{EC933B2D-1BDB-4A53-86E6-EB358F088DCC}.Release|Any CPU.ActiveCfg = Release|Any CPU
		{EC933B2D-1BDB-4A53-86E6-EB358F088DCC}.Release|Any CPU.Build.0 = Release|Any CPU
	EndGlobalSection
	GlobalSection(SolutionProperties) = preSolution
		HideSolutionNode = FALSE
	EndGlobalSection
	GlobalSection(ExtensibilityGlobals) = postSolution
		SolutionGuid = {84831A5F-207E-4890-8C00-FA4F02471C53}
	EndGlobalSection
EndGlobal
